# This file is automatically @generated by Cargo.
# It is not intended for manual editing.
version = 3

[[package]]
name = "log-log4cplus"
version = "0.1.0"

[[package]]
name = "log4cplus"
version = "0.1.0"

[[package]]
name = "log4plus-sys"
version = "0.1.0"

[[package]]
name = "tracing-log4cplus"
version = "0.1.0"
